
Microsoft Visual Studio Solution File, Format Version 12.00
# Visual Studio Version 17
VisualStudioVersion = 17.14.36221.1
MinimumVisualStudioVersion = 10.0.40219.1
Project("{FAE04EC0-301F-11D3-BF4B-00C04F79EFBC}") = "EMS", "EMS\EMS.csproj", "{D1A48FBC-C388-439D-90C4-A208CDD4AF11}"
EndProject
Project("{FAE04EC0-301F-11D3-BF4B-00C04F79EFBC}") = "EMS.Tests", "EMS.Tests\EMS.Tests.csproj", "{9CD09B8E-DE04-4521-80B3-CD67A522D159}"
EndProject
Global
	GlobalSection(SolutionConfigurationPlatforms) = preSolution
		Debug|Any CPU = Debug|Any CPU
		Release|Any CPU = Release|Any CPU
	EndGlobalSection
	GlobalSection(ProjectConfigurationPlatforms) = postSolution
		{D1A48FBC-C388-439D-90C4-A208CDD4AF11}.Debug|Any CPU.ActiveCfg = Debug|Any CPU
		{D1A48FBC-C388-439D-90C4-A208CDD4AF11}.Debug|Any CPU.Build.0 = Debug|Any CPU
		{D1A48FBC-C388-439D-90C4-A208CDD4AF11}.Release|Any CPU.ActiveCfg = Release|Any CPU
		{D1A48FBC-C388-439D-90C4-A208CDD4AF11}.Release|Any CPU.Build.0 = Release|Any CPU
		{9CD09B8E-DE04-4521-80B3-CD67A522D159}.Debug|Any CPU.ActiveCfg = Debug|Any CPU
		{9CD09B8E-DE04-4521-80B3-CD67A522D159}.Debug|Any CPU.Build.0 = Debug|Any CPU
		{9CD09B8E-DE04-4521-80B3-CD67A522D159}.Release|Any CPU.ActiveCfg = Release|Any CPU
		{9CD09B8E-DE04-4521-80B3-CD67A522D159}.Release|Any CPU.Build.0 = Release|Any CPU
	EndGlobalSection
	GlobalSection(SolutionProperties) = preSolution
		HideSolutionNode = FALSE
	EndGlobalSection
	GlobalSection(ExtensibilityGlobals) = postSolution
		SolutionGuid = {08AC407B-39E1-4017-97D1-CDD81903110A}
	EndGlobalSection
EndGlobal
